
Microsoft Visual Studio Solution File, Format Version 12.00
# Visual Studio Version 17
VisualStudioVersion = 17.9.34728.123
MinimumVisualStudioVersion = 10.0.40219.1
Project("{FAE04EC0-301F-11D3-BF4B-00C04F79EFBC}") = "Act 4 - Gestion Escolar", "Act 4 - Gestion Escolar\Act 4 - Gestion Escolar.csproj", "{5C55CD6B-B0D1-43CB-8EE7-A32173069643}"
EndProject
Global
	GlobalSection(SolutionConfigurationPlatforms) = preSolution
		Debug|Any CPU = Debug|Any CPU
		Release|Any CPU = Release|Any CPU
	EndGlobalSection
	GlobalSection(ProjectConfigurationPlatforms) = postSolution
		{5C55CD6B-B0D1-43CB-8EE7-A32173069643}.Debug|Any CPU.ActiveCfg = Debug|Any CPU
		{5C55CD6B-B0D1-43CB-8EE7-A32173069643}.Debug|Any CPU.Build.0 = Debug|Any CPU
		{5C55CD6B-B0D1-43CB-8EE7-A32173069643}.Release|Any CPU.ActiveCfg = Release|Any CPU
		{5C55CD6B-B0D1-43CB-8EE7-A32173069643}.Release|Any CPU.Build.0 = Release|Any CPU
	EndGlobalSection
	GlobalSection(SolutionProperties) = preSolution
		HideSolutionNode = FALSE
	EndGlobalSection
	GlobalSection(ExtensibilityGlobals) = postSolution
		SolutionGuid = {A6F305EA-0E35-4DC6-86CD-03BF01881055}
	EndGlobalSection
EndGlobal
